// !$*UTF8*$!
{
	archiveVersion = 1;
	classes = {
	};
	objectVersion = 52;
	objects = {

/* Begin PBXBuildFile section */
		34A80C9023D0593500BBBFA6 /* enrichDataView.swift in Sources */ = {isa = PBXBuildFile; fileRef = 34A80C8F23D0593500BBBFA6 /* enrichDataView.swift */; };
		34A80C9223D15C6D00BBBFA6 /* ContentViewLineView.swift in Sources */ = {isa = PBXBuildFile; fileRef = 34A80C9123D15C6D00BBBFA6 /* ContentViewLineView.swift */; };
		34A80C9423D1601800BBBFA6 /* SocialMediaTargets.swift in Sources */ = {isa = PBXBuildFile; fileRef = 34A80C9323D1601800BBBFA6 /* SocialMediaTargets.swift */; };
		34A80C9623D1633C00BBBFA6 /* publishView.swift in Sources */ = {isa = PBXBuildFile; fileRef = 34A80C9523D1633C00BBBFA6 /* publishView.swift */; };
		34D1E63D23CEA06900BAEB21 /* SwiftyJSON in Frameworks */ = {isa = PBXBuildFile; productRef = 34D1E63C23CEA06900BAEB21 /* SwiftyJSON */; };
		34D1E63F23CEB4F200BAEB21 /* StoryView.swift in Sources */ = {isa = PBXBuildFile; fileRef = 34D1E63E23CEB4F200BAEB21 /* StoryView.swift */; };
		34D1E64123CEB84400BAEB21 /* TextView.swift in Sources */ = {isa = PBXBuildFile; fileRef = 34D1E64023CEB84400BAEB21 /* TextView.swift */; };
		34D1E64323CED12500BAEB21 /* PickerView.swift in Sources */ = {isa = PBXBuildFile; fileRef = 34D1E64223CED12500BAEB21 /* PickerView.swift */; };
		34DD3AA323CE8E7100EBD987 /* AppDelegate.swift in Sources */ = {isa = PBXBuildFile; fileRef = 34DD3AA223CE8E7100EBD987 /* AppDelegate.swift */; };
		34DD3AA523CE8E7100EBD987 /* SceneDelegate.swift in Sources */ = {isa = PBXBuildFile; fileRef = 34DD3AA423CE8E7100EBD987 /* SceneDelegate.swift */; };
		34DD3AA723CE8E7100EBD987 /* ContentView.swift in Sources */ = {isa = PBXBuildFile; fileRef = 34DD3AA623CE8E7100EBD987 /* ContentView.swift */; };
		34DD3AA923CE8E7200EBD987 /* Assets.xcassets in Resources */ = {isa = PBXBuildFile; fileRef = 34DD3AA823CE8E7200EBD987 /* Assets.xcassets */; };
		34DD3AAC23CE8E7200EBD987 /* Preview Assets.xcassets in Resources */ = {isa = PBXBuildFile; fileRef = 34DD3AAB23CE8E7200EBD987 /* Preview Assets.xcassets */; };
		34DD3AAF23CE8E7200EBD987 /* LaunchScreen.storyboard in Resources */ = {isa = PBXBuildFile; fileRef = 34DD3AAD23CE8E7200EBD987 /* LaunchScreen.storyboard */; };
		34DD3ABA23CE901B00EBD987 /* storyClass.swift in Sources */ = {isa = PBXBuildFile; fileRef = 34DD3AB923CE901B00EBD987 /* storyClass.swift */; };
		34DD3ABC23CE905100EBD987 /* automationGeneral.swift in Sources */ = {isa = PBXBuildFile; fileRef = 34DD3ABB23CE905100EBD987 /* automationGeneral.swift */; };
		34DD3ABE23CE944300EBD987 /* extensions.swift in Sources */ = {isa = PBXBuildFile; fileRef = 34DD3ABD23CE944300EBD987 /* extensions.swift */; };
/* End PBXBuildFile section */

/* Begin PBXFileReference section */
		34A80C8F23D0593500BBBFA6 /* enrichDataView.swift */ = {isa = PBXFileReference; lastKnownFileType = sourcecode.swift; path = enrichDataView.swift; sourceTree = "<group>"; };
		34A80C9123D15C6D00BBBFA6 /* ContentViewLineView.swift */ = {isa = PBXFileReference; lastKnownFileType = sourcecode.swift; path = ContentViewLineView.swift; sourceTree = "<group>"; };
		34A80C9323D1601800BBBFA6 /* SocialMediaTargets.swift */ = {isa = PBXFileReference; lastKnownFileType = sourcecode.swift; path = SocialMediaTargets.swift; sourceTree = "<group>"; };
		34A80C9523D1633C00BBBFA6 /* publishView.swift */ = {isa = PBXFileReference; lastKnownFileType = sourcecode.swift; path = publishView.swift; sourceTree = "<group>"; };
		34D1E63E23CEB4F200BAEB21 /* StoryView.swift */ = {isa = PBXFileReference; lastKnownFileType = sourcecode.swift; path = StoryView.swift; sourceTree = "<group>"; };
		34D1E64023CEB84400BAEB21 /* TextView.swift */ = {isa = PBXFileReference; lastKnownFileType = sourcecode.swift; path = TextView.swift; sourceTree = "<group>"; };
		34D1E64223CED12500BAEB21 /* PickerView.swift */ = {isa = PBXFileReference; lastKnownFileType = sourcecode.swift; path = PickerView.swift; sourceTree = "<group>"; };
		34DD3A9F23CE8E7100EBD987 /* Media Automation.app */ = {isa = PBXFileReference; explicitFileType = wrapper.application; includeInIndex = 0; path = "Media Automation.app"; sourceTree = BUILT_PRODUCTS_DIR; };
		34DD3AA223CE8E7100EBD987 /* AppDelegate.swift */ = {isa = PBXFileReference; lastKnownFileType = sourcecode.swift; path = AppDelegate.swift; sourceTree = "<group>"; };
		34DD3AA423CE8E7100EBD987 /* SceneDelegate.swift */ = {isa = PBXFileReference; lastKnownFileType = sourcecode.swift; path = SceneDelegate.swift; sourceTree = "<group>"; };
		34DD3AA623CE8E7100EBD987 /* ContentView.swift */ = {isa = PBXFileReference; lastKnownFileType = sourcecode.swift; path = ContentView.swift; sourceTree = "<group>"; };
		34DD3AA823CE8E7200EBD987 /* Assets.xcassets */ = {isa = PBXFileReference; lastKnownFileType = folder.assetcatalog; path = Assets.xcassets; sourceTree = "<group>"; };
		34DD3AAB23CE8E7200EBD987 /* Preview Assets.xcassets */ = {isa = PBXFileReference; lastKnownFileType = folder.assetcatalog; path = "Preview Assets.xcassets"; sourceTree = "<group>"; };
		34DD3AAE23CE8E7200EBD987 /* Base */ = {isa = PBXFileReference; lastKnownFileType = file.storyboard; name = Base; path = Base.lproj/LaunchScreen.storyboard; sourceTree = "<group>"; };
		34DD3AB023CE8E7200EBD987 /* Info.plist */ = {isa = PBXFileReference; lastKnownFileType = text.plist.xml; path = Info.plist; sourceTree = "<group>"; };
		34DD3AB623CE8EF600EBD987 /* Media Automation.entitlements */ = {isa = PBXFileReference; lastKnownFileType = text.plist.entitlements; path = "Media Automation.entitlements"; sourceTree = "<group>"; };
		34DD3AB923CE901B00EBD987 /* storyClass.swift */ = {isa = PBXFileReference; lastKnownFileType = sourcecode.swift; path = storyClass.swift; sourceTree = "<group>"; };
		34DD3ABB23CE905100EBD987 /* automationGeneral.swift */ = {isa = PBXFileReference; lastKnownFileType = sourcecode.swift; path = automationGeneral.swift; sourceTree = "<group>"; };
		34DD3ABD23CE944300EBD987 /* extensions.swift */ = {isa = PBXFileReference; lastKnownFileType = sourcecode.swift; path = extensions.swift; sourceTree = "<group>"; };
/* End PBXFileReference section */

/* Begin PBXFrameworksBuildPhase section */
		34DD3A9C23CE8E7100EBD987 /* Frameworks */ = {
			isa = PBXFrameworksBuildPhase;
			buildActionMask = 2147483647;
			files = (
				34D1E63D23CEA06900BAEB21 /* SwiftyJSON in Frameworks */,
			);
			runOnlyForDeploymentPostprocessing = 0;
		};
/* End PBXFrameworksBuildPhase section */

/* Begin PBXGroup section */
		34DD3A9623CE8E7100EBD987 = {
			isa = PBXGroup;
			children = (
				34DD3AA123CE8E7100EBD987 /* Media Automation */,
				34DD3AA023CE8E7100EBD987 /* Products */,
			);
			sourceTree = "<group>";
		};
		34DD3AA023CE8E7100EBD987 /* Products */ = {
			isa = PBXGroup;
			children = (
				34DD3A9F23CE8E7100EBD987 /* Media Automation.app */,
			);
			name = Products;
			sourceTree = "<group>";
		};
		34DD3AA123CE8E7100EBD987 /* Media Automation */ = {
			isa = PBXGroup;
			children = (
				34DD3AB823CE8FEB00EBD987 /* Classes */,
				34DD3AB723CE8FDD00EBD987 /* Views */,
				34DD3AB623CE8EF600EBD987 /* Media Automation.entitlements */,
				34DD3AA223CE8E7100EBD987 /* AppDelegate.swift */,
				34DD3AA423CE8E7100EBD987 /* SceneDelegate.swift */,
				34DD3AA823CE8E7200EBD987 /* Assets.xcassets */,
				34DD3AAD23CE8E7200EBD987 /* LaunchScreen.storyboard */,
				34DD3AB023CE8E7200EBD987 /* Info.plist */,
				34DD3AAA23CE8E7200EBD987 /* Preview Content */,
			);
			path = "Media Automation";
			sourceTree = "<group>";
		};
		34DD3AAA23CE8E7200EBD987 /* Preview Content */ = {
			isa = PBXGroup;
			children = (
				34DD3AAB23CE8E7200EBD987 /* Preview Assets.xcassets */,
			);
			path = "Preview Content";
			sourceTree = "<group>";
		};
		34DD3AB723CE8FDD00EBD987 /* Views */ = {
			isa = PBXGroup;
			children = (
				34DD3AA623CE8E7100EBD987 /* ContentView.swift */,
				34A80C9123D15C6D00BBBFA6 /* ContentViewLineView.swift */,
				34D1E63E23CEB4F200BAEB21 /* StoryView.swift */,
				34D1E64223CED12500BAEB21 /* PickerView.swift */,
				34A80C8F23D0593500BBBFA6 /* enrichDataView.swift */,
				34A80C9523D1633C00BBBFA6 /* publishView.swift */,
			);
			path = Views;
			sourceTree = "<group>";
		};
		34DD3AB823CE8FEB00EBD987 /* Classes */ = {
			isa = PBXGroup;
			children = (
				34DD3ABB23CE905100EBD987 /* automationGeneral.swift */,
				34DD3ABD23CE944300EBD987 /* extensions.swift */,
				34DD3AB923CE901B00EBD987 /* storyClass.swift */,
				34D1E64023CEB84400BAEB21 /* TextView.swift */,
				34A80C9323D1601800BBBFA6 /* SocialMediaTargets.swift */,
			);
			path = Classes;
			sourceTree = "<group>";
		};
/* End PBXGroup section */

/* Begin PBXNativeTarget section */
		34DD3A9E23CE8E7100EBD987 /* Media Automation */ = {
			isa = PBXNativeTarget;
			buildConfigurationList = 34DD3AB323CE8E7200EBD987 /* Build configuration list for PBXNativeTarget "Media Automation" */;
			buildPhases = (
				34DD3A9B23CE8E7100EBD987 /* Sources */,
				34DD3A9C23CE8E7100EBD987 /* Frameworks */,
				34DD3A9D23CE8E7100EBD987 /* Resources */,
			);
			buildRules = (
			);
			dependencies = (
			);
			name = "Media Automation";
			packageProductDependencies = (
				34D1E63C23CEA06900BAEB21 /* SwiftyJSON */,
			);
			productName = "Media Automation";
			productReference = 34DD3A9F23CE8E7100EBD987 /* Media Automation.app */;
			productType = "com.apple.product-type.application";
		};
/* End PBXNativeTarget section */

/* Begin PBXProject section */
		34DD3A9723CE8E7100EBD987 /* Project object */ = {
			isa = PBXProject;
			attributes = {
				LastSwiftUpdateCheck = 1130;
				LastUpgradeCheck = 1130;
				ORGANIZATIONNAME = "Garry Eves";
				TargetAttributes = {
					34DD3A9E23CE8E7100EBD987 = {
						CreatedOnToolsVersion = 11.3.1;
					};
				};
			};
			buildConfigurationList = 34DD3A9A23CE8E7100EBD987 /* Build configuration list for PBXProject "Media Automation" */;
			compatibilityVersion = "Xcode 9.3";
			developmentRegion = en;
			hasScannedForEncodings = 0;
			knownRegions = (
				en,
				Base,
			);
			mainGroup = 34DD3A9623CE8E7100EBD987;
			packageReferences = (
				34D1E63B23CEA06900BAEB21 /* XCRemoteSwiftPackageReference "SwiftyJSON" */,
			);
			productRefGroup = 34DD3AA023CE8E7100EBD987 /* Products */;
			projectDirPath = "";
			projectRoot = "";
			targets = (
				34DD3A9E23CE8E7100EBD987 /* Media Automation */,
			);
		};
/* End PBXProject section */

/* Begin PBXResourcesBuildPhase section */
		34DD3A9D23CE8E7100EBD987 /* Resources */ = {
			isa = PBXResourcesBuildPhase;
			buildActionMask = 2147483647;
			files = (
				34DD3AAF23CE8E7200EBD987 /* LaunchScreen.storyboard in Resources */,
				34DD3AAC23CE8E7200EBD987 /* Preview Assets.xcassets in Resources */,
				34DD3AA923CE8E7200EBD987 /* Assets.xcassets in Resources */,
			);
			runOnlyForDeploymentPostprocessing = 0;
		};
/* End PBXResourcesBuildPhase section */

/* Begin PBXSourcesBuildPhase section */
		34DD3A9B23CE8E7100EBD987 /* Sources */ = {
			isa = PBXSourcesBuildPhase;
			buildActionMask = 2147483647;
			files = (
				34A80C9223D15C6D00BBBFA6 /* ContentViewLineView.swift in Sources */,
				34DD3ABC23CE905100EBD987 /* automationGeneral.swift in Sources */,
				34A80C9023D0593500BBBFA6 /* enrichDataView.swift in Sources */,
				34A80C9623D1633C00BBBFA6 /* publishView.swift in Sources */,
				34D1E64123CEB84400BAEB21 /* TextView.swift in Sources */,
				34D1E64323CED12500BAEB21 /* PickerView.swift in Sources */,
				34DD3AA323CE8E7100EBD987 /* AppDelegate.swift in Sources */,
				34DD3ABA23CE901B00EBD987 /* storyClass.swift in Sources */,
				34D1E63F23CEB4F200BAEB21 /* StoryView.swift in Sources */,
				34A80C9423D1601800BBBFA6 /* SocialMediaTargets.swift in Sources */,
				34DD3AA523CE8E7100EBD987 /* SceneDelegate.swift in Sources */,
				34DD3AA723CE8E7100EBD987 /* ContentView.swift in Sources */,
				34DD3ABE23CE944300EBD987 /* extensions.swift in Sources */,
			);
			runOnlyForDeploymentPostprocessing = 0;
		};
/* End PBXSourcesBuildPhase section */

/* Begin PBXVariantGroup section */
		34DD3AAD23CE8E7200EBD987 /* LaunchScreen.storyboard */ = {
			isa = PBXVariantGroup;
			children = (
				34DD3AAE23CE8E7200EBD987 /* Base */,
			);
			name = LaunchScreen.storyboard;
			sourceTree = "<group>";
		};
/* End PBXVariantGroup section */

/* Begin XCBuildConfiguration section */
		34DD3AB123CE8E7200EBD987 /* Debug */ = {
			isa = XCBuildConfiguration;
			buildSettings = {
				ALWAYS_SEARCH_USER_PATHS = NO;
				CLANG_ANALYZER_NONNULL = YES;
				CLANG_ANALYZER_NUMBER_OBJECT_CONVERSION = YES_AGGRESSIVE;
				CLANG_CXX_LANGUAGE_STANDARD = "gnu++14";
				CLANG_CXX_LIBRARY = "libc++";
				CLANG_ENABLE_MODULES = YES;
				CLANG_ENABLE_OBJC_ARC = YES;
				CLANG_ENABLE_OBJC_WEAK = YES;
				CLANG_WARN_BLOCK_CAPTURE_AUTORELEASING = YES;
				CLANG_WARN_BOOL_CONVERSION = YES;
				CLANG_WARN_COMMA = YES;
				CLANG_WARN_CONSTANT_CONVERSION = YES;
				CLANG_WARN_DEPRECATED_OBJC_IMPLEMENTATIONS = YES;
				CLANG_WARN_DIRECT_OBJC_ISA_USAGE = YES_ERROR;
				CLANG_WARN_DOCUMENTATION_COMMENTS = YES;
				CLANG_WARN_EMPTY_BODY = YES;
				CLANG_WARN_ENUM_CONVERSION = YES;
				CLANG_WARN_INFINITE_RECURSION = YES;
				CLANG_WARN_INT_CONVERSION = YES;
				CLANG_WARN_NON_LITERAL_NULL_CONVERSION = YES;
				CLANG_WARN_OBJC_IMPLICIT_RETAIN_SELF = YES;
				CLANG_WARN_OBJC_LITERAL_CONVERSION = YES;
				CLANG_WARN_OBJC_ROOT_CLASS = YES_ERROR;
				CLANG_WARN_RANGE_LOOP_ANALYSIS = YES;
				CLANG_WARN_STRICT_PROTOTYPES = YES;
				CLANG_WARN_SUSPICIOUS_MOVE = YES;
				CLANG_WARN_UNGUARDED_AVAILABILITY = YES_AGGRESSIVE;
				CLANG_WARN_UNREACHABLE_CODE = YES;
				CLANG_WARN__DUPLICATE_METHOD_MATCH = YES;
				COPY_PHASE_STRIP = NO;
				DEBUG_INFORMATION_FORMAT = dwarf;
				ENABLE_STRICT_OBJC_MSGSEND = YES;
				ENABLE_TESTABILITY = YES;
				GCC_C_LANGUAGE_STANDARD = gnu11;
				GCC_DYNAMIC_NO_PIC = NO;
				GCC_NO_COMMON_BLOCKS = YES;
				GCC_OPTIMIZATION_LEVEL = 0;
				GCC_PREPROCESSOR_DEFINITIONS = (
					"DEBUG=1",
					"$(inherited)",
				);
				GCC_WARN_64_TO_32_BIT_CONVERSION = YES;
				GCC_WARN_ABOUT_RETURN_TYPE = YES_ERROR;
				GCC_WARN_UNDECLARED_SELECTOR = YES;
				GCC_WARN_UNINITIALIZED_AUTOS = YES_AGGRESSIVE;
				GCC_WARN_UNUSED_FUNCTION = YES;
				GCC_WARN_UNUSED_VARIABLE = YES;
				IPHONEOS_DEPLOYMENT_TARGET = 13.2;
				MTL_ENABLE_DEBUG_INFO = INCLUDE_SOURCE;
				MTL_FAST_MATH = YES;
				ONLY_ACTIVE_ARCH = YES;
				SDKROOT = iphoneos;
				SWIFT_ACTIVE_COMPILATION_CONDITIONS = DEBUG;
				SWIFT_OPTIMIZATION_LEVEL = "-Onone";
			};
			name = Debug;
		};
		34DD3AB223CE8E7200EBD987 /* Release */ = {
			isa = XCBuildConfiguration;
			buildSettings = {
				ALWAYS_SEARCH_USER_PATHS = NO;
				CLANG_ANALYZER_NONNULL = YES;
				CLANG_ANALYZER_NUMBER_OBJECT_CONVERSION = YES_AGGRESSIVE;
				CLANG_CXX_LANGUAGE_STANDARD = "gnu++14";
				CLANG_CXX_LIBRARY = "libc++";
				CLANG_ENABLE_MODULES = YES;
				CLANG_ENABLE_OBJC_ARC = YES;
				CLANG_ENABLE_OBJC_WEAK = YES;
				CLANG_WARN_BLOCK_CAPTURE_AUTORELEASING = YES;
				CLANG_WARN_BOOL_CONVERSION = YES;
				CLANG_WARN_COMMA = YES;
				CLANG_WARN_CONSTANT_CONVERSION = YES;
				CLANG_WARN_DEPRECATED_OBJC_IMPLEMENTATIONS = YES;
				CLANG_WARN_DIRECT_OBJC_ISA_USAGE = YES_ERROR;
				CLANG_WARN_DOCUMENTATION_COMMENTS = YES;
				CLANG_WARN_EMPTY_BODY = YES;
				CLANG_WARN_ENUM_CONVERSION = YES;
				CLANG_WARN_INFINITE_RECURSION = YES;
				CLANG_WARN_INT_CONVERSION = YES;
				CLANG_WARN_NON_LITERAL_NULL_CONVERSION = YES;
				CLANG_WARN_OBJC_IMPLICIT_RETAIN_SELF = YES;
				CLANG_WARN_OBJC_LITERAL_CONVERSION = YES;
				CLANG_WARN_OBJC_ROOT_CLASS = YES_ERROR;
				CLANG_WARN_RANGE_LOOP_ANALYSIS = YES;
				CLANG_WARN_STRICT_PROTOTYPES = YES;
				CLANG_WARN_SUSPICIOUS_MOVE = YES;
				CLANG_WARN_UNGUARDED_AVAILABILITY = YES_AGGRESSIVE;
				CLANG_WARN_UNREACHABLE_CODE = YES;
				CLANG_WARN__DUPLICATE_METHOD_MATCH = YES;
				COPY_PHASE_STRIP = NO;
				DEBUG_INFORMATION_FORMAT = "dwarf-with-dsym";
				ENABLE_NS_ASSERTIONS = NO;
				ENABLE_STRICT_OBJC_MSGSEND = YES;
				GCC_C_LANGUAGE_STANDARD = gnu11;
				GCC_NO_COMMON_BLOCKS = YES;
				GCC_WARN_64_TO_32_BIT_CONVERSION = YES;
				GCC_WARN_ABOUT_RETURN_TYPE = YES_ERROR;
				GCC_WARN_UNDECLARED_SELECTOR = YES;
				GCC_WARN_UNINITIALIZED_AUTOS = YES_AGGRESSIVE;
				GCC_WARN_UNUSED_FUNCTION = YES;
				GCC_WARN_UNUSED_VARIABLE = YES;
				IPHONEOS_DEPLOYMENT_TARGET = 13.2;
				MTL_ENABLE_DEBUG_INFO = NO;
				MTL_FAST_MATH = YES;
				SDKROOT = iphoneos;
				SWIFT_COMPILATION_MODE = wholemodule;
				SWIFT_OPTIMIZATION_LEVEL = "-O";
				VALIDATE_PRODUCT = YES;
			};
			name = Release;
		};
		34DD3AB423CE8E7200EBD987 /* Debug */ = {
			isa = XCBuildConfiguration;
			buildSettings = {
				ASSETCATALOG_COMPILER_APPICON_NAME = AppIcon;
				CODE_SIGN_ENTITLEMENTS = "Media Automation/Media Automation.entitlements";
				CODE_SIGN_STYLE = Automatic;
				DERIVE_MACCATALYST_PRODUCT_BUNDLE_IDENTIFIER = YES;
				DEVELOPMENT_ASSET_PATHS = "\"Media Automation/Preview Content\"";
				DEVELOPMENT_TEAM = 76YDDNPU7W;
				ENABLE_PREVIEWS = YES;
				INFOPLIST_FILE = "Media Automation/Info.plist";
				LD_RUNPATH_SEARCH_PATHS = (
					"$(inherited)",
					"@executable_path/Frameworks",
				);
				PRODUCT_BUNDLE_IDENTIFIER = "com.garryeves.Media-Automation";
				PRODUCT_NAME = "$(TARGET_NAME)";
				SUPPORTS_MACCATALYST = YES;
				SWIFT_VERSION = 5.0;
				TARGETED_DEVICE_FAMILY = "1,2";
			};
			name = Debug;
		};
		34DD3AB523CE8E7200EBD987 /* Release */ = {
			isa = XCBuildConfiguration;
			buildSettings = {
				ASSETCATALOG_COMPILER_APPICON_NAME = AppIcon;
				CODE_SIGN_ENTITLEMENTS = "Media Automation/Media Automation.entitlements";
				CODE_SIGN_STYLE = Automatic;
				DERIVE_MACCATALYST_PRODUCT_BUNDLE_IDENTIFIER = YES;
				DEVELOPMENT_ASSET_PATHS = "\"Media Automation/Preview Content\"";
				DEVELOPMENT_TEAM = 76YDDNPU7W;
				ENABLE_PREVIEWS = YES;
				INFOPLIST_FILE = "Media Automation/Info.plist";
				LD_RUNPATH_SEARCH_PATHS = (
					"$(inherited)",
					"@executable_path/Frameworks",
				);
				PRODUCT_BUNDLE_IDENTIFIER = "com.garryeves.Media-Automation";
				PRODUCT_NAME = "$(TARGET_NAME)";
				SUPPORTS_MACCATALYST = YES;
				SWIFT_VERSION = 5.0;
				TARGETED_DEVICE_FAMILY = "1,2";
			};
			name = Release;
		};
/* End XCBuildConfiguration section */

/* Begin XCConfigurationList section */
		34DD3A9A23CE8E7100EBD987 /* Build configuration list for PBXProject "Media Automation" */ = {
			isa = XCConfigurationList;
			buildConfigurations = (
				34DD3AB123CE8E7200EBD987 /* Debug */,
				34DD3AB223CE8E7200EBD987 /* Release */,
			);
			defaultConfigurationIsVisible = 0;
			defaultConfigurationName = Release;
		};
		34DD3AB323CE8E7200EBD987 /* Build configuration list for PBXNativeTarget "Media Automation" */ = {
			isa = XCConfigurationList;
			buildConfigurations = (
				34DD3AB423CE8E7200EBD987 /* Debug */,
				34DD3AB523CE8E7200EBD987 /* Release */,
			);
			defaultConfigurationIsVisible = 0;
			defaultConfigurationName = Release;
		};
/* End XCConfigurationList section */

/* Begin XCRemoteSwiftPackageReference section */
		34D1E63B23CEA06900BAEB21 /* XCRemoteSwiftPackageReference "SwiftyJSON" */ = {
			isa = XCRemoteSwiftPackageReference;
			repositoryURL = "https://github.com/SwiftyJSON/SwiftyJSON.git";
			requirement = {
				kind = upToNextMinorVersion;
				minimumVersion = 5.0.0;
			};
		};
/* End XCRemoteSwiftPackageReference section */

/* Begin XCSwiftPackageProductDependency section */
		34D1E63C23CEA06900BAEB21 /* SwiftyJSON */ = {
			isa = XCSwiftPackageProductDependency;
			package = 34D1E63B23CEA06900BAEB21 /* XCRemoteSwiftPackageReference "SwiftyJSON" */;
			productName = SwiftyJSON;
		};
/* End XCSwiftPackageProductDependency section */
	};
	rootObject = 34DD3A9723CE8E7100EBD987 /* Project object */;
}
